{
  "dependencies": {
    "mime": {
      "version": "1.4.0",
      "resolved": "https://registry.npmjs.org/mime/-/mime-1.4.0.tgz",
      "from": "mime@>=1.2.11 <2.0.0"
    },
    "rss": {
      "version": "1.0.0",
      "resolved": "https://registry.npmjs.org/rss/-/rss-1.0.0.tgz",
      "from": "rss@1.0.0"
    },
    "xml": {
      "version": "1.0.1",
      "resolved": "https://registry.npmjs.org/xml/-/xml-1.0.1.tgz",
      "from": "xml@>=1.0.0 <2.0.0"
    }
  }
}
